
Microsoft Visual Studio Solution File, Format Version 12.00
Project("{FAE04EC0-301F-11D3-BF4B-00C04F79EFBC}") = "movie_scraper_bot", "movie_scraper_bot\movie_scraper_bot.csproj", "{F4F1FE5C-7A0D-4CFF-ADD0-94AD83C2EA8A}"
EndProject
Global
	GlobalSection(SolutionConfigurationPlatforms) = preSolution
		Debug|Any CPU = Debug|Any CPU
		Release|Any CPU = Release|Any CPU
	EndGlobalSection
	GlobalSection(ProjectConfigurationPlatforms) = postSolution
		{F4F1FE5C-7A0D-4CFF-ADD0-94AD83C2EA8A}.Debug|Any CPU.ActiveCfg = Debug|Any CPU
		{F4F1FE5C-7A0D-4CFF-ADD0-94AD83C2EA8A}.Debug|Any CPU.Build.0 = Debug|Any CPU
		{F4F1FE5C-7A0D-4CFF-ADD0-94AD83C2EA8A}.Release|Any CPU.ActiveCfg = Release|Any CPU
		{F4F1FE5C-7A0D-4CFF-ADD0-94AD83C2EA8A}.Release|Any CPU.Build.0 = Release|Any CPU
	EndGlobalSection
EndGlobal
